
Microsoft Visual Studio Solution File, Format Version 12.00
# Visual Studio Version 17
VisualStudioVersion = 17.4.33103.184
MinimumVisualStudioVersion = 10.0.40219.1
Project("{FAE04EC0-301F-11D3-BF4B-00C04F79EFBC}") = "CoffeeShop", "CoffeeShop\CoffeeShop.csproj", "{B65CB67B-5F25-4BF2-A157-595322B986DD}"
EndProject
Global
	GlobalSection(SolutionConfigurationPlatforms) = preSolution
		Debug|Any CPU = Debug|Any CPU
		Release|Any CPU = Release|Any CPU
	EndGlobalSection
	GlobalSection(ProjectConfigurationPlatforms) = postSolution
		{B65CB67B-5F25-4BF2-A157-595322B986DD}.Debug|Any CPU.ActiveCfg = Debug|Any CPU
		{B65CB67B-5F25-4BF2-A157-595322B986DD}.Debug|Any CPU.Build.0 = Debug|Any CPU
		{B65CB67B-5F25-4BF2-A157-595322B986DD}.Release|Any CPU.ActiveCfg = Release|Any CPU
		{B65CB67B-5F25-4BF2-A157-595322B986DD}.Release|Any CPU.Build.0 = Release|Any CPU
	EndGlobalSection
	GlobalSection(SolutionProperties) = preSolution
		HideSolutionNode = FALSE
	EndGlobalSection
	GlobalSection(ExtensibilityGlobals) = postSolution
		SolutionGuid = {D8579FB1-2C09-4137-A258-9DE60EDA337C}
	EndGlobalSection
EndGlobal
